
Microsoft Visual Studio Solution File, Format Version 12.00
# Visual Studio Version 16
VisualStudioVersion = 16.6.30114.105
MinimumVisualStudioVersion = 10.0.40219.1
Project("{2150E333-8FDC-42A3-9474-1A3956D46DE8}") = "src", "src", "{7E1AE036-BD64-4328-ABF7-F20B1C7563BD}"
EndProject
Project("{FAE04EC0-301F-11D3-BF4B-00C04F79EFBC}") = "AspNetCore.WebApi", "src\AspNetCore.WebApi\AspNetCore.WebApi.csproj", "{C1315B86-D027-4B94-8FC6-5D36A20C3A53}"
EndProject
Project("{FAE04EC0-301F-11D3-BF4B-00C04F79EFBC}") = "AspNetCoreBackend.WebApi", "src\AspNetCoreBackend.WebApi\AspNetCoreBackend.WebApi.csproj", "{0978C52A-DEDB-4AD4-86B2-93EBE92D3A77}"
EndProject
Project("{FAE04EC0-301F-11D3-BF4B-00C04F79EFBC}") = "AspNetCore.Abstractions", "src\AspNetCore.Abstractions\AspNetCore.Abstractions.csproj", "{D359FF75-53BD-4640-924F-7A990056F22D}"
EndProject
Project("{FAE04EC0-301F-11D3-BF4B-00C04F79EFBC}") = "AspNetCore.Metrics.Prometheus", "src\AspNetCore.Metrics.Prometheus\AspNetCore.Metrics.Prometheus.csproj", "{21246AEB-4036-432F-A601-22929570D0AF}"
EndProject
Global
	GlobalSection(SolutionConfigurationPlatforms) = preSolution
		Debug|Any CPU = Debug|Any CPU
		Debug|x64 = Debug|x64
		Debug|x86 = Debug|x86
		Release|Any CPU = Release|Any CPU
		Release|x64 = Release|x64
		Release|x86 = Release|x86
	EndGlobalSection
	GlobalSection(SolutionProperties) = preSolution
		HideSolutionNode = FALSE
	EndGlobalSection
	GlobalSection(ProjectConfigurationPlatforms) = postSolution
		{C1315B86-D027-4B94-8FC6-5D36A20C3A53}.Debug|Any CPU.ActiveCfg = Debug|Any CPU
		{C1315B86-D027-4B94-8FC6-5D36A20C3A53}.Debug|Any CPU.Build.0 = Debug|Any CPU
		{C1315B86-D027-4B94-8FC6-5D36A20C3A53}.Debug|x64.ActiveCfg = Debug|Any CPU
		{C1315B86-D027-4B94-8FC6-5D36A20C3A53}.Debug|x64.Build.0 = Debug|Any CPU
		{C1315B86-D027-4B94-8FC6-5D36A20C3A53}.Debug|x86.ActiveCfg = Debug|Any CPU
		{C1315B86-D027-4B94-8FC6-5D36A20C3A53}.Debug|x86.Build.0 = Debug|Any CPU
		{C1315B86-D027-4B94-8FC6-5D36A20C3A53}.Release|Any CPU.ActiveCfg = Release|Any CPU
		{C1315B86-D027-4B94-8FC6-5D36A20C3A53}.Release|Any CPU.Build.0 = Release|Any CPU
		{C1315B86-D027-4B94-8FC6-5D36A20C3A53}.Release|x64.ActiveCfg = Release|Any CPU
		{C1315B86-D027-4B94-8FC6-5D36A20C3A53}.Release|x64.Build.0 = Release|Any CPU
		{C1315B86-D027-4B94-8FC6-5D36A20C3A53}.Release|x86.ActiveCfg = Release|Any CPU
		{C1315B86-D027-4B94-8FC6-5D36A20C3A53}.Release|x86.Build.0 = Release|Any CPU
		{0978C52A-DEDB-4AD4-86B2-93EBE92D3A77}.Debug|Any CPU.ActiveCfg = Debug|Any CPU
		{0978C52A-DEDB-4AD4-86B2-93EBE92D3A77}.Debug|Any CPU.Build.0 = Debug|Any CPU
		{0978C52A-DEDB-4AD4-86B2-93EBE92D3A77}.Debug|x64.ActiveCfg = Debug|Any CPU
		{0978C52A-DEDB-4AD4-86B2-93EBE92D3A77}.Debug|x64.Build.0 = Debug|Any CPU
		{0978C52A-DEDB-4AD4-86B2-93EBE92D3A77}.Debug|x86.ActiveCfg = Debug|Any CPU
		{0978C52A-DEDB-4AD4-86B2-93EBE92D3A77}.Debug|x86.Build.0 = Debug|Any CPU
		{0978C52A-DEDB-4AD4-86B2-93EBE92D3A77}.Release|Any CPU.ActiveCfg = Release|Any CPU
		{0978C52A-DEDB-4AD4-86B2-93EBE92D3A77}.Release|Any CPU.Build.0 = Release|Any CPU
		{0978C52A-DEDB-4AD4-86B2-93EBE92D3A77}.Release|x64.ActiveCfg = Release|Any CPU
		{0978C52A-DEDB-4AD4-86B2-93EBE92D3A77}.Release|x64.Build.0 = Release|Any CPU
		{0978C52A-DEDB-4AD4-86B2-93EBE92D3A77}.Release|x86.ActiveCfg = Release|Any CPU
		{0978C52A-DEDB-4AD4-86B2-93EBE92D3A77}.Release|x86.Build.0 = Release|Any CPU
		{D359FF75-53BD-4640-924F-7A990056F22D}.Debug|Any CPU.ActiveCfg = Debug|Any CPU
		{D359FF75-53BD-4640-924F-7A990056F22D}.Debug|Any CPU.Build.0 = Debug|Any CPU
		{D359FF75-53BD-4640-924F-7A990056F22D}.Debug|x64.ActiveCfg = Debug|Any CPU
		{D359FF75-53BD-4640-924F-7A990056F22D}.Debug|x64.Build.0 = Debug|Any CPU
		{D359FF75-53BD-4640-924F-7A990056F22D}.Debug|x86.ActiveCfg = Debug|Any CPU
		{D359FF75-53BD-4640-924F-7A990056F22D}.Debug|x86.Build.0 = Debug|Any CPU
		{D359FF75-53BD-4640-924F-7A990056F22D}.Release|Any CPU.ActiveCfg = Release|Any CPU
		{D359FF75-53BD-4640-924F-7A990056F22D}.Release|Any CPU.Build.0 = Release|Any CPU
		{D359FF75-53BD-4640-924F-7A990056F22D}.Release|x64.ActiveCfg = Release|Any CPU
		{D359FF75-53BD-4640-924F-7A990056F22D}.Release|x64.Build.0 = Release|Any CPU
		{D359FF75-53BD-4640-924F-7A990056F22D}.Release|x86.ActiveCfg = Release|Any CPU
		{D359FF75-53BD-4640-924F-7A990056F22D}.Release|x86.Build.0 = Release|Any CPU
		{21246AEB-4036-432F-A601-22929570D0AF}.Debug|Any CPU.ActiveCfg = Debug|Any CPU
		{21246AEB-4036-432F-A601-22929570D0AF}.Debug|Any CPU.Build.0 = Debug|Any CPU
		{21246AEB-4036-432F-A601-22929570D0AF}.Debug|x64.ActiveCfg = Debug|Any CPU
		{21246AEB-4036-432F-A601-22929570D0AF}.Debug|x64.Build.0 = Debug|Any CPU
		{21246AEB-4036-432F-A601-22929570D0AF}.Debug|x86.ActiveCfg = Debug|Any CPU
		{21246AEB-4036-432F-A601-22929570D0AF}.Debug|x86.Build.0 = Debug|Any CPU
		{21246AEB-4036-432F-A601-22929570D0AF}.Release|Any CPU.ActiveCfg = Release|Any CPU
		{21246AEB-4036-432F-A601-22929570D0AF}.Release|Any CPU.Build.0 = Release|Any CPU
		{21246AEB-4036-432F-A601-22929570D0AF}.Release|x64.ActiveCfg = Release|Any CPU
		{21246AEB-4036-432F-A601-22929570D0AF}.Release|x64.Build.0 = Release|Any CPU
		{21246AEB-4036-432F-A601-22929570D0AF}.Release|x86.ActiveCfg = Release|Any CPU
		{21246AEB-4036-432F-A601-22929570D0AF}.Release|x86.Build.0 = Release|Any CPU
	EndGlobalSection
	GlobalSection(NestedProjects) = preSolution
		{C1315B86-D027-4B94-8FC6-5D36A20C3A53} = {7E1AE036-BD64-4328-ABF7-F20B1C7563BD}
		{0978C52A-DEDB-4AD4-86B2-93EBE92D3A77} = {7E1AE036-BD64-4328-ABF7-F20B1C7563BD}
		{D359FF75-53BD-4640-924F-7A990056F22D} = {7E1AE036-BD64-4328-ABF7-F20B1C7563BD}
		{21246AEB-4036-432F-A601-22929570D0AF} = {7E1AE036-BD64-4328-ABF7-F20B1C7563BD}
	EndGlobalSection
EndGlobal
