
Microsoft Visual Studio Solution File, Format Version 12.00
# Visual Studio Version 16
VisualStudioVersion = 16.6.30114.105
MinimumVisualStudioVersion = 10.0.40219.1
Project("{2150E333-8FDC-42A3-9474-1A3956D46DE8}") = "src", "src", "{7E1AE036-BD64-4328-ABF7-F20B1C7563BD}"
EndProject
Project("{FAE04EC0-301F-11D3-BF4B-00C04F79EFBC}") = "AspNetCore", "src\web\AspNetCore.csproj", "{C1315B86-D027-4B94-8FC6-5D36A20C3A53}"
EndProject
Project("{FAE04EC0-301F-11D3-BF4B-00C04F79EFBC}") = "AspNetCoreBackend", "src\backend\AspNetCoreBackend.csproj", "{0978C52A-DEDB-4AD4-86B2-93EBE92D3A77}"
EndProject
Global
	GlobalSection(SolutionConfigurationPlatforms) = preSolution
		Debug|Any CPU = Debug|Any CPU
		Debug|x64 = Debug|x64
		Debug|x86 = Debug|x86
		Release|Any CPU = Release|Any CPU
		Release|x64 = Release|x64
		Release|x86 = Release|x86
	EndGlobalSection
	GlobalSection(SolutionProperties) = preSolution
		HideSolutionNode = FALSE
	EndGlobalSection
	GlobalSection(ProjectConfigurationPlatforms) = postSolution
		{C1315B86-D027-4B94-8FC6-5D36A20C3A53}.Debug|Any CPU.ActiveCfg = Debug|Any CPU
		{C1315B86-D027-4B94-8FC6-5D36A20C3A53}.Debug|Any CPU.Build.0 = Debug|Any CPU
		{C1315B86-D027-4B94-8FC6-5D36A20C3A53}.Debug|x64.ActiveCfg = Debug|Any CPU
		{C1315B86-D027-4B94-8FC6-5D36A20C3A53}.Debug|x64.Build.0 = Debug|Any CPU
		{C1315B86-D027-4B94-8FC6-5D36A20C3A53}.Debug|x86.ActiveCfg = Debug|Any CPU
		{C1315B86-D027-4B94-8FC6-5D36A20C3A53}.Debug|x86.Build.0 = Debug|Any CPU
		{C1315B86-D027-4B94-8FC6-5D36A20C3A53}.Release|Any CPU.ActiveCfg = Release|Any CPU
		{C1315B86-D027-4B94-8FC6-5D36A20C3A53}.Release|Any CPU.Build.0 = Release|Any CPU
		{C1315B86-D027-4B94-8FC6-5D36A20C3A53}.Release|x64.ActiveCfg = Release|Any CPU
		{C1315B86-D027-4B94-8FC6-5D36A20C3A53}.Release|x64.Build.0 = Release|Any CPU
		{C1315B86-D027-4B94-8FC6-5D36A20C3A53}.Release|x86.ActiveCfg = Release|Any CPU
		{C1315B86-D027-4B94-8FC6-5D36A20C3A53}.Release|x86.Build.0 = Release|Any CPU
		{0978C52A-DEDB-4AD4-86B2-93EBE92D3A77}.Debug|Any CPU.ActiveCfg = Debug|Any CPU
		{0978C52A-DEDB-4AD4-86B2-93EBE92D3A77}.Debug|Any CPU.Build.0 = Debug|Any CPU
		{0978C52A-DEDB-4AD4-86B2-93EBE92D3A77}.Debug|x64.ActiveCfg = Debug|Any CPU
		{0978C52A-DEDB-4AD4-86B2-93EBE92D3A77}.Debug|x64.Build.0 = Debug|Any CPU
		{0978C52A-DEDB-4AD4-86B2-93EBE92D3A77}.Debug|x86.ActiveCfg = Debug|Any CPU
		{0978C52A-DEDB-4AD4-86B2-93EBE92D3A77}.Debug|x86.Build.0 = Debug|Any CPU
		{0978C52A-DEDB-4AD4-86B2-93EBE92D3A77}.Release|Any CPU.ActiveCfg = Release|Any CPU
		{0978C52A-DEDB-4AD4-86B2-93EBE92D3A77}.Release|Any CPU.Build.0 = Release|Any CPU
		{0978C52A-DEDB-4AD4-86B2-93EBE92D3A77}.Release|x64.ActiveCfg = Release|Any CPU
		{0978C52A-DEDB-4AD4-86B2-93EBE92D3A77}.Release|x64.Build.0 = Release|Any CPU
		{0978C52A-DEDB-4AD4-86B2-93EBE92D3A77}.Release|x86.ActiveCfg = Release|Any CPU
		{0978C52A-DEDB-4AD4-86B2-93EBE92D3A77}.Release|x86.Build.0 = Release|Any CPU
	EndGlobalSection
	GlobalSection(NestedProjects) = preSolution
		{C1315B86-D027-4B94-8FC6-5D36A20C3A53} = {7E1AE036-BD64-4328-ABF7-F20B1C7563BD}
		{0978C52A-DEDB-4AD4-86B2-93EBE92D3A77} = {7E1AE036-BD64-4328-ABF7-F20B1C7563BD}
	EndGlobalSection
EndGlobal
